
Microsoft Visual Studio Solution File, Format Version 12.00
# Visual Studio Version 17
VisualStudioVersion = 17.7.34003.232
MinimumVisualStudioVersion = 10.0.40219.1
Project("{9A19103F-16F7-4668-BE54-9A1E7A4F7556}") = "VideoRentalStoreApp", "src\VideoRentalStoreApp.csproj", "{26F0CADB-BFBB-4179-8E53-399597C6A989}"
EndProject
Project("{9A19103F-16F7-4668-BE54-9A1E7A4F7556}") = "VideoRentaStoreApp.Tests", "VideoRentaShopApp.Tests\VideoRentaStoreApp.Tests.csproj", "{1FD8FDA0-5C2C-4456-9C94-F557D2E5EC3B}"
EndProject
Global
	GlobalSection(SolutionConfigurationPlatforms) = preSolution
		Debug|Any CPU = Debug|Any CPU
		Release|Any CPU = Release|Any CPU
	EndGlobalSection
	GlobalSection(ProjectConfigurationPlatforms) = postSolution
		{26F0CADB-BFBB-4179-8E53-399597C6A989}.Debug|Any CPU.ActiveCfg = Debug|Any CPU
		{26F0CADB-BFBB-4179-8E53-399597C6A989}.Debug|Any CPU.Build.0 = Debug|Any CPU
		{26F0CADB-BFBB-4179-8E53-399597C6A989}.Release|Any CPU.ActiveCfg = Release|Any CPU
		{26F0CADB-BFBB-4179-8E53-399597C6A989}.Release|Any CPU.Build.0 = Release|Any CPU
		{1FD8FDA0-5C2C-4456-9C94-F557D2E5EC3B}.Debug|Any CPU.ActiveCfg = Debug|Any CPU
		{1FD8FDA0-5C2C-4456-9C94-F557D2E5EC3B}.Debug|Any CPU.Build.0 = Debug|Any CPU
		{1FD8FDA0-5C2C-4456-9C94-F557D2E5EC3B}.Release|Any CPU.ActiveCfg = Release|Any CPU
		{1FD8FDA0-5C2C-4456-9C94-F557D2E5EC3B}.Release|Any CPU.Build.0 = Release|Any CPU
	EndGlobalSection
	GlobalSection(SolutionProperties) = preSolution
		HideSolutionNode = FALSE
	EndGlobalSection
	GlobalSection(ExtensibilityGlobals) = postSolution
		SolutionGuid = {7A635F2D-B823-4F7E-8A3F-7AAF4114A2BC}
	EndGlobalSection
EndGlobal
